// !$*UTF8*$!
{
	archiveVersion = 1;
	classes = {
	};
	objectVersion = 46;
	objects = {

/* Begin PBXBuildFile section */
		D956476F1B79890B00C3B9B7 /* main.m in Sources */ = {isa = PBXBuildFile; fileRef = D956476E1B79890B00C3B9B7 /* main.m */; };
		D95647721B79890B00C3B9B7 /* AppDelegate.m in Sources */ = {isa = PBXBuildFile; fileRef = D95647711B79890B00C3B9B7 /* AppDelegate.m */; };
		D956477A1B79890B00C3B9B7 /* Images.xcassets in Resources */ = {isa = PBXBuildFile; fileRef = D95647791B79890B00C3B9B7 /* Images.xcassets */; };
		D956477D1B79890B00C3B9B7 /* LaunchScreen.xib in Resources */ = {isa = PBXBuildFile; fileRef = D956477B1B79890B00C3B9B7 /* LaunchScreen.xib */; };
		D95647891B79890B00C3B9B7 /* weibo2Tests.m in Sources */ = {isa = PBXBuildFile; fileRef = D95647881B79890B00C3B9B7 /* weibo2Tests.m */; };
		D95647941B799BE600C3B9B7 /* XXRTabBarViewController.m in Sources */ = {isa = PBXBuildFile; fileRef = D95647931B799BE600C3B9B7 /* XXRTabBarViewController.m */; };
		D95647971B799C6F00C3B9B7 /* XXRHomeViewController.m in Sources */ = {isa = PBXBuildFile; fileRef = D95647961B799C6F00C3B9B7 /* XXRHomeViewController.m */; };
		D956479A1B799C8000C3B9B7 /* XXRMessageViewController.m in Sources */ = {isa = PBXBuildFile; fileRef = D95647991B799C8000C3B9B7 /* XXRMessageViewController.m */; };
		D956479D1B799C9300C3B9B7 /* XXRDiscoverViewController.m in Sources */ = {isa = PBXBuildFile; fileRef = D956479C1B799C9300C3B9B7 /* XXRDiscoverViewController.m */; };
		D95647A01B799CA700C3B9B7 /* XXRMeViewController.m in Sources */ = {isa = PBXBuildFile; fileRef = D956479F1B799CA700C3B9B7 /* XXRMeViewController.m */; };
/* End PBXBuildFile section */

/* Begin PBXContainerItemProxy section */
		D95647831B79890B00C3B9B7 /* PBXContainerItemProxy */ = {
			isa = PBXContainerItemProxy;
			containerPortal = D95647611B79890B00C3B9B7 /* Project object */;
			proxyType = 1;
			remoteGlobalIDString = D95647681B79890B00C3B9B7;
			remoteInfo = weibo2;
		};
/* End PBXContainerItemProxy section */

/* Begin PBXFileReference section */
		D95647691B79890B00C3B9B7 /* weibo2.app */ = {isa = PBXFileReference; explicitFileType = wrapper.application; includeInIndex = 0; path = weibo2.app; sourceTree = BUILT_PRODUCTS_DIR; };
		D956476D1B79890B00C3B9B7 /* Info.plist */ = {isa = PBXFileReference; lastKnownFileType = text.plist.xml; path = Info.plist; sourceTree = "<group>"; };
		D956476E1B79890B00C3B9B7 /* main.m */ = {isa = PBXFileReference; lastKnownFileType = sourcecode.c.objc; path = main.m; sourceTree = "<group>"; };
		D95647701B79890B00C3B9B7 /* AppDelegate.h */ = {isa = PBXFileReference; lastKnownFileType = sourcecode.c.h; path = AppDelegate.h; sourceTree = "<group>"; };
		D95647711B79890B00C3B9B7 /* AppDelegate.m */ = {isa = PBXFileReference; lastKnownFileType = sourcecode.c.objc; path = AppDelegate.m; sourceTree = "<group>"; };
		D95647791B79890B00C3B9B7 /* Images.xcassets */ = {isa = PBXFileReference; lastKnownFileType = folder.assetcatalog; path = Images.xcassets; sourceTree = "<group>"; };
		D956477C1B79890B00C3B9B7 /* Base */ = {isa = PBXFileReference; lastKnownFileType = file.xib; name = Base; path = Base.lproj/LaunchScreen.xib; sourceTree = "<group>"; };
		D95647821B79890B00C3B9B7 /* weibo2Tests.xctest */ = {isa = PBXFileReference; explicitFileType = wrapper.cfbundle; includeInIndex = 0; path = weibo2Tests.xctest; sourceTree = BUILT_PRODUCTS_DIR; };
		D95647871B79890B00C3B9B7 /* Info.plist */ = {isa = PBXFileReference; lastKnownFileType = text.plist.xml; path = Info.plist; sourceTree = "<group>"; };
		D95647881B79890B00C3B9B7 /* weibo2Tests.m */ = {isa = PBXFileReference; lastKnownFileType = sourcecode.c.objc; path = weibo2Tests.m; sourceTree = "<group>"; };
		D95647921B799BE600C3B9B7 /* XXRTabBarViewController.h */ = {isa = PBXFileReference; fileEncoding = 4; lastKnownFileType = sourcecode.c.h; path = XXRTabBarViewController.h; sourceTree = "<group>"; };
		D95647931B799BE600C3B9B7 /* XXRTabBarViewController.m */ = {isa = PBXFileReference; fileEncoding = 4; lastKnownFileType = sourcecode.c.objc; path = XXRTabBarViewController.m; sourceTree = "<group>"; };
		D95647951B799C6F00C3B9B7 /* XXRHomeViewController.h */ = {isa = PBXFileReference; fileEncoding = 4; lastKnownFileType = sourcecode.c.h; path = XXRHomeViewController.h; sourceTree = "<group>"; };
		D95647961B799C6F00C3B9B7 /* XXRHomeViewController.m */ = {isa = PBXFileReference; fileEncoding = 4; lastKnownFileType = sourcecode.c.objc; path = XXRHomeViewController.m; sourceTree = "<group>"; };
		D95647981B799C8000C3B9B7 /* XXRMessageViewController.h */ = {isa = PBXFileReference; fileEncoding = 4; lastKnownFileType = sourcecode.c.h; path = XXRMessageViewController.h; sourceTree = "<group>"; };
		D95647991B799C8000C3B9B7 /* XXRMessageViewController.m */ = {isa = PBXFileReference; fileEncoding = 4; lastKnownFileType = sourcecode.c.objc; path = XXRMessageViewController.m; sourceTree = "<group>"; };
		D956479B1B799C9300C3B9B7 /* XXRDiscoverViewController.h */ = {isa = PBXFileReference; fileEncoding = 4; lastKnownFileType = sourcecode.c.h; path = XXRDiscoverViewController.h; sourceTree = "<group>"; };
		D956479C1B799C9300C3B9B7 /* XXRDiscoverViewController.m */ = {isa = PBXFileReference; fileEncoding = 4; lastKnownFileType = sourcecode.c.objc; path = XXRDiscoverViewController.m; sourceTree = "<group>"; };
		D956479E1B799CA700C3B9B7 /* XXRMeViewController.h */ = {isa = PBXFileReference; fileEncoding = 4; lastKnownFileType = sourcecode.c.h; path = XXRMeViewController.h; sourceTree = "<group>"; };
		D956479F1B799CA700C3B9B7 /* XXRMeViewController.m */ = {isa = PBXFileReference; fileEncoding = 4; lastKnownFileType = sourcecode.c.objc; path = XXRMeViewController.m; sourceTree = "<group>"; };
/* End PBXFileReference section */

/* Begin PBXFrameworksBuildPhase section */
		D95647661B79890B00C3B9B7 /* Frameworks */ = {
			isa = PBXFrameworksBuildPhase;
			buildActionMask = 2147483647;
			files = (
			);
			runOnlyForDeploymentPostprocessing = 0;
		};
		D956477F1B79890B00C3B9B7 /* Frameworks */ = {
			isa = PBXFrameworksBuildPhase;
			buildActionMask = 2147483647;
			files = (
			);
			runOnlyForDeploymentPostprocessing = 0;
		};
/* End PBXFrameworksBuildPhase section */

/* Begin PBXGroup section */
		D95647601B79890B00C3B9B7 = {
			isa = PBXGroup;
			children = (
				D956476B1B79890B00C3B9B7 /* weibo2 */,
				D95647851B79890B00C3B9B7 /* weibo2Tests */,
				D956476A1B79890B00C3B9B7 /* Products */,
			);
			sourceTree = "<group>";
		};
		D956476A1B79890B00C3B9B7 /* Products */ = {
			isa = PBXGroup;
			children = (
				D95647691B79890B00C3B9B7 /* weibo2.app */,
				D95647821B79890B00C3B9B7 /* weibo2Tests.xctest */,
			);
			name = Products;
			sourceTree = "<group>";
		};
		D956476B1B79890B00C3B9B7 /* weibo2 */ = {
			isa = PBXGroup;
			children = (
				D95647701B79890B00C3B9B7 /* AppDelegate.h */,
				D95647711B79890B00C3B9B7 /* AppDelegate.m */,
				D95647921B799BE600C3B9B7 /* XXRTabBarViewController.h */,
				D95647931B799BE600C3B9B7 /* XXRTabBarViewController.m */,
				D956476C1B79890B00C3B9B7 /* Supporting Files */,
				D95647951B799C6F00C3B9B7 /* XXRHomeViewController.h */,
				D95647961B799C6F00C3B9B7 /* XXRHomeViewController.m */,
				D95647981B799C8000C3B9B7 /* XXRMessageViewController.h */,
				D95647991B799C8000C3B9B7 /* XXRMessageViewController.m */,
				D956479B1B799C9300C3B9B7 /* XXRDiscoverViewController.h */,
				D956479C1B799C9300C3B9B7 /* XXRDiscoverViewController.m */,
				D956479E1B799CA700C3B9B7 /* XXRMeViewController.h */,
				D956479F1B799CA700C3B9B7 /* XXRMeViewController.m */,
			);
			path = weibo2;
			sourceTree = "<group>";
		};
		D956476C1B79890B00C3B9B7 /* Supporting Files */ = {
			isa = PBXGroup;
			children = (
				D95647791B79890B00C3B9B7 /* Images.xcassets */,
				D956477B1B79890B00C3B9B7 /* LaunchScreen.xib */,
				D956476D1B79890B00C3B9B7 /* Info.plist */,
				D956476E1B79890B00C3B9B7 /* main.m */,
			);
			name = "Supporting Files";
			sourceTree = "<group>";
		};
		D95647851B79890B00C3B9B7 /* weibo2Tests */ = {
			isa = PBXGroup;
			children = (
				D95647881B79890B00C3B9B7 /* weibo2Tests.m */,
				D95647861B79890B00C3B9B7 /* Supporting Files */,
			);
			path = weibo2Tests;
			sourceTree = "<group>";
		};
		D95647861B79890B00C3B9B7 /* Supporting Files */ = {
			isa = PBXGroup;
			children = (
				D95647871B79890B00C3B9B7 /* Info.plist */,
			);
			name = "Supporting Files";
			sourceTree = "<group>";
		};
/* End PBXGroup section */

/* Begin PBXNativeTarget section */
		D95647681B79890B00C3B9B7 /* weibo2 */ = {
			isa = PBXNativeTarget;
			buildConfigurationList = D956478C1B79890B00C3B9B7 /* Build configuration list for PBXNativeTarget "weibo2" */;
			buildPhases = (
				D95647651B79890B00C3B9B7 /* Sources */,
				D95647661B79890B00C3B9B7 /* Frameworks */,
				D95647671B79890B00C3B9B7 /* Resources */,
			);
			buildRules = (
			);
			dependencies = (
			);
			name = weibo2;
			productName = weibo2;
			productReference = D95647691B79890B00C3B9B7 /* weibo2.app */;
			productType = "com.apple.product-type.application";
		};
		D95647811B79890B00C3B9B7 /* weibo2Tests */ = {
			isa = PBXNativeTarget;
			buildConfigurationList = D956478F1B79890B00C3B9B7 /* Build configuration list for PBXNativeTarget "weibo2Tests" */;
			buildPhases = (
				D956477E1B79890B00C3B9B7 /* Sources */,
				D956477F1B79890B00C3B9B7 /* Frameworks */,
				D95647801B79890B00C3B9B7 /* Resources */,
			);
			buildRules = (
			);
			dependencies = (
				D95647841B79890B00C3B9B7 /* PBXTargetDependency */,
			);
			name = weibo2Tests;
			productName = weibo2Tests;
			productReference = D95647821B79890B00C3B9B7 /* weibo2Tests.xctest */;
			productType = "com.apple.product-type.bundle.unit-test";
		};
/* End PBXNativeTarget section */

/* Begin PBXProject section */
		D95647611B79890B00C3B9B7 /* Project object */ = {
			isa = PBXProject;
			attributes = {
				LastUpgradeCheck = 0640;
				ORGANIZATIONNAME = rgc;
				TargetAttributes = {
					D95647681B79890B00C3B9B7 = {
						CreatedOnToolsVersion = 6.4;
					};
					D95647811B79890B00C3B9B7 = {
						CreatedOnToolsVersion = 6.4;
						TestTargetID = D95647681B79890B00C3B9B7;
					};
				};
			};
			buildConfigurationList = D95647641B79890B00C3B9B7 /* Build configuration list for PBXProject "weibo2" */;
			compatibilityVersion = "Xcode 3.2";
			developmentRegion = English;
			hasScannedForEncodings = 0;
			knownRegions = (
				en,
				Base,
			);
			mainGroup = D95647601B79890B00C3B9B7;
			productRefGroup = D956476A1B79890B00C3B9B7 /* Products */;
			projectDirPath = "";
			projectRoot = "";
			targets = (
				D95647681B79890B00C3B9B7 /* weibo2 */,
				D95647811B79890B00C3B9B7 /* weibo2Tests */,
			);
		};
/* End PBXProject section */

/* Begin PBXResourcesBuildPhase section */
		D95647671B79890B00C3B9B7 /* Resources */ = {
			isa = PBXResourcesBuildPhase;
			buildActionMask = 2147483647;
			files = (
				D956477D1B79890B00C3B9B7 /* LaunchScreen.xib in Resources */,
				D956477A1B79890B00C3B9B7 /* Images.xcassets in Resources */,
			);
			runOnlyForDeploymentPostprocessing = 0;
		};
		D95647801B79890B00C3B9B7 /* Resources */ = {
			isa = PBXResourcesBuildPhase;
			buildActionMask = 2147483647;
			files = (
			);
			runOnlyForDeploymentPostprocessing = 0;
		};
/* End PBXResourcesBuildPhase section */

/* Begin PBXSourcesBuildPhase section */
		D95647651B79890B00C3B9B7 /* Sources */ = {
			isa = PBXSourcesBuildPhase;
			buildActionMask = 2147483647;
			files = (
				D956479D1B799C9300C3B9B7 /* XXRDiscoverViewController.m in Sources */,
				D95647971B799C6F00C3B9B7 /* XXRHomeViewController.m in Sources */,
				D95647A01B799CA700C3B9B7 /* XXRMeViewController.m in Sources */,
				D95647721B79890B00C3B9B7 /* AppDelegate.m in Sources */,
				D956476F1B79890B00C3B9B7 /* main.m in Sources */,
				D956479A1B799C8000C3B9B7 /* XXRMessageViewController.m in Sources */,
				D95647941B799BE600C3B9B7 /* XXRTabBarViewController.m in Sources */,
			);
			runOnlyForDeploymentPostprocessing = 0;
		};
		D956477E1B79890B00C3B9B7 /* Sources */ = {
			isa = PBXSourcesBuildPhase;
			buildActionMask = 2147483647;
			files = (
				D95647891B79890B00C3B9B7 /* weibo2Tests.m in Sources */,
			);
			runOnlyForDeploymentPostprocessing = 0;
		};
/* End PBXSourcesBuildPhase section */

/* Begin PBXTargetDependency section */
		D95647841B79890B00C3B9B7 /* PBXTargetDependency */ = {
			isa = PBXTargetDependency;
			target = D95647681B79890B00C3B9B7 /* weibo2 */;
			targetProxy = D95647831B79890B00C3B9B7 /* PBXContainerItemProxy */;
		};
/* End PBXTargetDependency section */

/* Begin PBXVariantGroup section */
		D956477B1B79890B00C3B9B7 /* LaunchScreen.xib */ = {
			isa = PBXVariantGroup;
			children = (
				D956477C1B79890B00C3B9B7 /* Base */,
			);
			name = LaunchScreen.xib;
			sourceTree = "<group>";
		};
/* End PBXVariantGroup section */

/* Begin XCBuildConfiguration section */
		D956478A1B79890B00C3B9B7 /* Debug */ = {
			isa = XCBuildConfiguration;
			buildSettings = {
				ALWAYS_SEARCH_USER_PATHS = NO;
				CLANG_CXX_LANGUAGE_STANDARD = "gnu++0x";
				CLANG_CXX_LIBRARY = "libc++";
				CLANG_ENABLE_MODULES = YES;
				CLANG_ENABLE_OBJC_ARC = YES;
				CLANG_WARN_BOOL_CONVERSION = YES;
				CLANG_WARN_CONSTANT_CONVERSION = YES;
				CLANG_WARN_DIRECT_OBJC_ISA_USAGE = YES_ERROR;
				CLANG_WARN_EMPTY_BODY = YES;
				CLANG_WARN_ENUM_CONVERSION = YES;
				CLANG_WARN_INT_CONVERSION = YES;
				CLANG_WARN_OBJC_ROOT_CLASS = YES_ERROR;
				CLANG_WARN_UNREACHABLE_CODE = YES;
				CLANG_WARN__DUPLICATE_METHOD_MATCH = YES;
				"CODE_SIGN_IDENTITY[sdk=iphoneos*]" = "iPhone Developer";
				COPY_PHASE_STRIP = NO;
				DEBUG_INFORMATION_FORMAT = "dwarf-with-dsym";
				ENABLE_STRICT_OBJC_MSGSEND = YES;
				GCC_C_LANGUAGE_STANDARD = gnu99;
				GCC_DYNAMIC_NO_PIC = NO;
				GCC_NO_COMMON_BLOCKS = YES;
				GCC_OPTIMIZATION_LEVEL = 0;
				GCC_PREPROCESSOR_DEFINITIONS = (
					"DEBUG=1",
					"$(inherited)",
				);
				GCC_SYMBOLS_PRIVATE_EXTERN = NO;
				GCC_WARN_64_TO_32_BIT_CONVERSION = YES;
				GCC_WARN_ABOUT_RETURN_TYPE = YES_ERROR;
				GCC_WARN_UNDECLARED_SELECTOR = YES;
				GCC_WARN_UNINITIALIZED_AUTOS = YES_AGGRESSIVE;
				GCC_WARN_UNUSED_FUNCTION = YES;
				GCC_WARN_UNUSED_VARIABLE = YES;
				IPHONEOS_DEPLOYMENT_TARGET = 8.4;
				MTL_ENABLE_DEBUG_INFO = YES;
				ONLY_ACTIVE_ARCH = YES;
				SDKROOT = iphoneos;
			};
			name = Debug;
		};
		D956478B1B79890B00C3B9B7 /* Release */ = {
			isa = XCBuildConfiguration;
			buildSettings = {
				ALWAYS_SEARCH_USER_PATHS = NO;
				CLANG_CXX_LANGUAGE_STANDARD = "gnu++0x";
				CLANG_CXX_LIBRARY = "libc++";
				CLANG_ENABLE_MODULES = YES;
				CLANG_ENABLE_OBJC_ARC = YES;
				CLANG_WARN_BOOL_CONVERSION = YES;
				CLANG_WARN_CONSTANT_CONVERSION = YES;
				CLANG_WARN_DIRECT_OBJC_ISA_USAGE = YES_ERROR;
				CLANG_WARN_EMPTY_BODY = YES;
				CLANG_WARN_ENUM_CONVERSION = YES;
				CLANG_WARN_INT_CONVERSION = YES;
				CLANG_WARN_OBJC_ROOT_CLASS = YES_ERROR;
				CLANG_WARN_UNREACHABLE_CODE = YES;
				CLANG_WARN__DUPLICATE_METHOD_MATCH = YES;
				"CODE_SIGN_IDENTITY[sdk=iphoneos*]" = "iPhone Developer";
				COPY_PHASE_STRIP = NO;
				DEBUG_INFORMATION_FORMAT = "dwarf-with-dsym";
				ENABLE_NS_ASSERTIONS = NO;
				ENABLE_STRICT_OBJC_MSGSEND = YES;
				GCC_C_LANGUAGE_STANDARD = gnu99;
				GCC_NO_COMMON_BLOCKS = YES;
				GCC_WARN_64_TO_32_BIT_CONVERSION = YES;
				GCC_WARN_ABOUT_RETURN_TYPE = YES_ERROR;
				GCC_WARN_UNDECLARED_SELECTOR = YES;
				GCC_WARN_UNINITIALIZED_AUTOS = YES_AGGRESSIVE;
				GCC_WARN_UNUSED_FUNCTION = YES;
				GCC_WARN_UNUSED_VARIABLE = YES;
				IPHONEOS_DEPLOYMENT_TARGET = 8.4;
				MTL_ENABLE_DEBUG_INFO = NO;
				SDKROOT = iphoneos;
				VALIDATE_PRODUCT = YES;
			};
			name = Release;
		};
		D956478D1B79890B00C3B9B7 /* Debug */ = {
			isa = XCBuildConfiguration;
			buildSettings = {
				ASSETCATALOG_COMPILER_APPICON_NAME = AppIcon;
				INFOPLIST_FILE = weibo2/Info.plist;
				IPHONEOS_DEPLOYMENT_TARGET = 7.0;
				LD_RUNPATH_SEARCH_PATHS = "$(inherited) @executable_path/Frameworks";
				PRODUCT_NAME = "$(TARGET_NAME)";
			};
			name = Debug;
		};
		D956478E1B79890B00C3B9B7 /* Release */ = {
			isa = XCBuildConfiguration;
			buildSettings = {
				ASSETCATALOG_COMPILER_APPICON_NAME = AppIcon;
				INFOPLIST_FILE = weibo2/Info.plist;
				IPHONEOS_DEPLOYMENT_TARGET = 7.0;
				LD_RUNPATH_SEARCH_PATHS = "$(inherited) @executable_path/Frameworks";
				PRODUCT_NAME = "$(TARGET_NAME)";
			};
			name = Release;
		};
		D95647901B79890B00C3B9B7 /* Debug */ = {
			isa = XCBuildConfiguration;
			buildSettings = {
				BUNDLE_LOADER = "$(TEST_HOST)";
				FRAMEWORK_SEARCH_PATHS = (
					"$(SDKROOT)/Developer/Library/Frameworks",
					"$(inherited)",
				);
				GCC_PREPROCESSOR_DEFINITIONS = (
					"DEBUG=1",
					"$(inherited)",
				);
				INFOPLIST_FILE = weibo2Tests/Info.plist;
				LD_RUNPATH_SEARCH_PATHS = "$(inherited) @executable_path/Frameworks @loader_path/Frameworks";
				PRODUCT_NAME = "$(TARGET_NAME)";
				TEST_HOST = "$(BUILT_PRODUCTS_DIR)/weibo2.app/weibo2";
			};
			name = Debug;
		};
		D95647911B79890B00C3B9B7 /* Release */ = {
			isa = XCBuildConfiguration;
			buildSettings = {
				BUNDLE_LOADER = "$(TEST_HOST)";
				FRAMEWORK_SEARCH_PATHS = (
					"$(SDKROOT)/Developer/Library/Frameworks",
					"$(inherited)",
				);
				INFOPLIST_FILE = weibo2Tests/Info.plist;
				LD_RUNPATH_SEARCH_PATHS = "$(inherited) @executable_path/Frameworks @loader_path/Frameworks";
				PRODUCT_NAME = "$(TARGET_NAME)";
				TEST_HOST = "$(BUILT_PRODUCTS_DIR)/weibo2.app/weibo2";
			};
			name = Release;
		};
/* End XCBuildConfiguration section */

/* Begin XCConfigurationList section */
		D95647641B79890B00C3B9B7 /* Build configuration list for PBXProject "weibo2" */ = {
			isa = XCConfigurationList;
			buildConfigurations = (
				D956478A1B79890B00C3B9B7 /* Debug */,
				D956478B1B79890B00C3B9B7 /* Release */,
			);
			defaultConfigurationIsVisible = 0;
			defaultConfigurationName = Release;
		};
		D956478C1B79890B00C3B9B7 /* Build configuration list for PBXNativeTarget "weibo2" */ = {
			isa = XCConfigurationList;
			buildConfigurations = (
				D956478D1B79890B00C3B9B7 /* Debug */,
				D956478E1B79890B00C3B9B7 /* Release */,
			);
			defaultConfigurationIsVisible = 0;
		};
		D956478F1B79890B00C3B9B7 /* Build configuration list for PBXNativeTarget "weibo2Tests" */ = {
			isa = XCConfigurationList;
			buildConfigurations = (
				D95647901B79890B00C3B9B7 /* Debug */,
				D95647911B79890B00C3B9B7 /* Release */,
			);
			defaultConfigurationIsVisible = 0;
		};
/* End XCConfigurationList section */
	};
	rootObject = D95647611B79890B00C3B9B7 /* Project object */;
}
